{
  "nodes": {
    "home-manager": {
      "inputs": {
        "nixpkgs": [
          "nixpkgs"
        ]
      },
      "locked": {
        "lastModified": 1768271922,
        "narHash": "sha256-zmFw7AtcmfMxW3vR7AiGeQQeHhdrd2x7a3hxzd6vJYI=",
        "owner": "nix-community",
        "repo": "home-manager",
        "rev": "fbd566923adcfa67be512a14a79467e2ab8a5777",
        "type": "github"
      },
      "original": {
        "owner": "nix-community",
        "repo": "home-manager",
        "type": "github"
      }
    },
    "nixpkgs": {
      "locked": {
        "lastModified": 1768303484,
        "narHash": "sha256-PNQu/ZOf5dRKESXT+f0IwqSAFiI1jQGvrXvm+CYxYx8=",
        "owner": "NixOS",
        "repo": "nixpkgs",
        "rev": "4264de46dd32bc8bbb384d92e7ef63e132e30b8d",
        "type": "github"
      },
      "original": {
        "owner": "NixOS",
        "repo": "nixpkgs",
        "type": "github"
      }
    },
    "root": {
      "inputs": {
        "home-manager": "home-manager",
        "nixpkgs": "nixpkgs"
      }
    }
  },
  "root": "root",
  "version": 7
}
